
Microsoft Visual Studio Solution File, Format Version 12.00
# Visual Studio Version 17
VisualStudioVersion = 17.5.002.0
MinimumVisualStudioVersion = 10.0.40219.1
Project("{2150E333-8FDC-42A3-9474-1A3956D46DE8}") = "dotnetconsoles", "dotnetconsoles", "{34238B3B-C6AF-492B-B391-26A606F62736}"
EndProject
Project("{9A19103F-16F7-4668-BE54-9A1E7A4F7556}") = "MyFirstApp", "dotnetconsoles\MyFirstApp\MyFirstApp.csproj", "{C5E52FCE-9E85-470E-A918-B5244EDFAFDE}"
EndProject
Global
	GlobalSection(SolutionConfigurationPlatforms) = preSolution
		Debug|Any CPU = Debug|Any CPU
		Release|Any CPU = Release|Any CPU
	EndGlobalSection
	GlobalSection(ProjectConfigurationPlatforms) = postSolution
		{C5E52FCE-9E85-470E-A918-B5244EDFAFDE}.Debug|Any CPU.ActiveCfg = Debug|Any CPU
		{C5E52FCE-9E85-470E-A918-B5244EDFAFDE}.Debug|Any CPU.Build.0 = Debug|Any CPU
		{C5E52FCE-9E85-470E-A918-B5244EDFAFDE}.Release|Any CPU.ActiveCfg = Release|Any CPU
		{C5E52FCE-9E85-470E-A918-B5244EDFAFDE}.Release|Any CPU.Build.0 = Release|Any CPU
	EndGlobalSection
	GlobalSection(SolutionProperties) = preSolution
		HideSolutionNode = FALSE
	EndGlobalSection
	GlobalSection(NestedProjects) = preSolution
		{C5E52FCE-9E85-470E-A918-B5244EDFAFDE} = {34238B3B-C6AF-492B-B391-26A606F62736}
	EndGlobalSection
	GlobalSection(ExtensibilityGlobals) = postSolution
		SolutionGuid = {19CAF0CE-10E6-4525-8840-7EFAFB16095D}
	EndGlobalSection
EndGlobal
